
Microsoft Visual Studio Solution File, Format Version 12.00
# Visual Studio Version 16
VisualStudioVersion = 16.0.30804.86
MinimumVisualStudioVersion = 10.0.40219.1
Project("{2150E333-8FDC-42A3-9474-1A3956D46DE8}") = "Feature", "Feature", "{17DD5718-6E13-4F2C-9738-B410396D4552}"
EndProject
Project("{2150E333-8FDC-42A3-9474-1A3956D46DE8}") = "Foundation", "Foundation", "{4FDA1DCD-D33E-447E-91C1-F4AE818E2CF0}"
EndProject
Project("{2150E333-8FDC-42A3-9474-1A3956D46DE8}") = "Project", "Project", "{15D97D61-D597-42EC-B7E9-E9EC8130E630}"
EndProject
Project("{2150E333-8FDC-42A3-9474-1A3956D46DE8}") = "_Solution", "_Solution", "{ADCA10F7-A1D2-407B-8074-60418168C02E}"
	ProjectSection(SolutionItems) = preProject
		.editorconfig = .editorconfig
		.gitattributes = .gitattributes
		.gitignore = .gitignore
		Directory.build.props = Directory.build.props
		Directory.build.targets = Directory.build.targets
		Docker.pubxml = Docker.pubxml
		nuget.config = nuget.config
		Packages.props = Packages.props
		README.md = README.md
	EndProjectSection
EndProject
Project("{2150E333-8FDC-42A3-9474-1A3956D46DE8}") = "_Docker", "_Docker", "{7A261AC4-6FD2-4E54-9DBE-82D78601A150}"
	ProjectSection(SolutionItems) = preProject
		docker\.env = docker\.env
		docker\docker-compose.override.yml = docker\docker-compose.override.yml
		docker\docker-compose.yml = docker\docker-compose.yml
	EndProjectSection
EndProject
Project("{FAE04EC0-301F-11D3-BF4B-00C04F79EFBC}") = "TTT.Feature.PageContent", "src\Feature\PageContent\code\TTT.Feature.PageContent.csproj", "{2DC9FCBB-0C1F-AC2E-975A-B92405EC7480}"
EndProject
Project("{FAE04EC0-301F-11D3-BF4B-00C04F79EFBC}") = "TTT.Feature.PageContent.Tests", "src\Feature\PageContent\tests\TTT.Feature.PageContent.Tests.csproj", "{A4A662C4-03B6-4929-9975-156BAA95E4FE}"
EndProject
Project("{FAE04EC0-301F-11D3-BF4B-00C04F79EFBC}") = "TTT.Foundation.DependencyInjection", "src\Foundation\DependencyInjection\code\TTT.Foundation.DependencyInjection.csproj", "{A5A4DCEB-88ED-4B5F-A06D-DBCBC828D45F}"
EndProject
Project("{FAE04EC0-301F-11D3-BF4B-00C04F79EFBC}") = "TTT.Foundation.DependencyInjection.Tests", "src\Foundation\DependencyInjection\tests\TTT.Foundation.DependencyInjection.Tests.csproj", "{DA098052-8409-40B0-8B31-640B2400AAB8}"
EndProject
Project("{FAE04EC0-301F-11D3-BF4B-00C04F79EFBC}") = "TTT.Project.Shared", "src\Project\Shared\code\TTT.Project.Shared.csproj", "{63DDE5EF-8C69-4897-90B6-504CBEE698FD}"
EndProject
Project("{FAE04EC0-301F-11D3-BF4B-00C04F79EFBC}") = "TTT.Project.TTT", "src\Project\TTT\code\TTT.Project.TTT.csproj", "{DE0C2450-72C6-DA76-5724-CA95592007B6}"
EndProject
Project("{FAE04EC0-301F-11D3-BF4B-00C04F79EFBC}") = "TTT.Foundation.Serialization", "src\Foundation\Serialization\code\TTT.Foundation.Serialization.csproj", "{BA492296-6396-413B-900B-AA9904768EF1}"
EndProject
Project("{2150E333-8FDC-42A3-9474-1A3956D46DE8}") = "PageContent", "PageContent", "{119F41AE-F3D0-4B24-8011-D826C975D55B}"
EndProject
Project("{2150E333-8FDC-42A3-9474-1A3956D46DE8}") = "DependencyInjection", "DependencyInjection", "{33D9F688-7B4C-40F3-BE1D-1CEC412D3B05}"
EndProject
Project("{2150E333-8FDC-42A3-9474-1A3956D46DE8}") = "Serialization", "Serialization", "{491AC3C5-2A9C-43EA-B4CC-0F5E4472A225}"
EndProject
Project("{2150E333-8FDC-42A3-9474-1A3956D46DE8}") = "Shared", "Shared", "{3E990D4E-A737-4113-86DE-466C694266F3}"
EndProject
Project("{2150E333-8FDC-42A3-9474-1A3956D46DE8}") = "TTT", "TTT", "{0325296A-383F-41C5-A363-0122BCA1620B}"
EndProject
Project("{2150E333-8FDC-42A3-9474-1A3956D46DE8}") = "Environment", "Environment", "{65B9D7F5-0A8E-4553-9A36-73C38B1CA176}"
EndProject
Project("{FAE04EC0-301F-11D3-BF4B-00C04F79EFBC}") = "Website", "src\Environment\Website\Website.csproj", "{5D63E2B8-CC8D-403C-AD51-8359EBD3BE23}"
EndProject
Project("{2150E333-8FDC-42A3-9474-1A3956D46DE8}") = "JssExtensions", "JssExtensions", "{1CBA2A56-F53D-4D62-9E79-6F23BF0991A7}"
EndProject
Project("{FAE04EC0-301F-11D3-BF4B-00C04F79EFBC}") = "TTT.Foundation.JssExtensions", "src\Foundation\JssExtensions\code\TTT.Foundation.JssExtensions.csproj", "{912C0879-725B-406F-82C7-E72B9CDB55B3}"
EndProject
Global
	GlobalSection(SolutionConfigurationPlatforms) = preSolution
		Debug|Any CPU = Debug|Any CPU
		dev|Any CPU = dev|Any CPU
		prod|Any CPU = prod|Any CPU
		qa|Any CPU = qa|Any CPU
		Release|Any CPU = Release|Any CPU
		uat|Any CPU = uat|Any CPU
	EndGlobalSection
	GlobalSection(ProjectConfigurationPlatforms) = postSolution
		{2DC9FCBB-0C1F-AC2E-975A-B92405EC7480}.Debug|Any CPU.ActiveCfg = Debug|Any CPU
		{2DC9FCBB-0C1F-AC2E-975A-B92405EC7480}.Debug|Any CPU.Build.0 = Debug|Any CPU
		{2DC9FCBB-0C1F-AC2E-975A-B92405EC7480}.dev|Any CPU.ActiveCfg = Debug|Any CPU
		{2DC9FCBB-0C1F-AC2E-975A-B92405EC7480}.dev|Any CPU.Build.0 = Debug|Any CPU
		{2DC9FCBB-0C1F-AC2E-975A-B92405EC7480}.prod|Any CPU.ActiveCfg = Release|Any CPU
		{2DC9FCBB-0C1F-AC2E-975A-B92405EC7480}.prod|Any CPU.Build.0 = Release|Any CPU
		{2DC9FCBB-0C1F-AC2E-975A-B92405EC7480}.qa|Any CPU.ActiveCfg = Release|Any CPU
		{2DC9FCBB-0C1F-AC2E-975A-B92405EC7480}.qa|Any CPU.Build.0 = Release|Any CPU
		{2DC9FCBB-0C1F-AC2E-975A-B92405EC7480}.Release|Any CPU.ActiveCfg = Release|Any CPU
		{2DC9FCBB-0C1F-AC2E-975A-B92405EC7480}.Release|Any CPU.Build.0 = Release|Any CPU
		{2DC9FCBB-0C1F-AC2E-975A-B92405EC7480}.uat|Any CPU.ActiveCfg = Release|Any CPU
		{2DC9FCBB-0C1F-AC2E-975A-B92405EC7480}.uat|Any CPU.Build.0 = Release|Any CPU
		{A4A662C4-03B6-4929-9975-156BAA95E4FE}.Debug|Any CPU.ActiveCfg = Debug|Any CPU
		{A4A662C4-03B6-4929-9975-156BAA95E4FE}.Debug|Any CPU.Build.0 = Debug|Any CPU
		{A4A662C4-03B6-4929-9975-156BAA95E4FE}.dev|Any CPU.ActiveCfg = Debug|Any CPU
		{A4A662C4-03B6-4929-9975-156BAA95E4FE}.dev|Any CPU.Build.0 = Debug|Any CPU
		{A4A662C4-03B6-4929-9975-156BAA95E4FE}.prod|Any CPU.ActiveCfg = Release|Any CPU
		{A4A662C4-03B6-4929-9975-156BAA95E4FE}.prod|Any CPU.Build.0 = Release|Any CPU
		{A4A662C4-03B6-4929-9975-156BAA95E4FE}.qa|Any CPU.ActiveCfg = Release|Any CPU
		{A4A662C4-03B6-4929-9975-156BAA95E4FE}.qa|Any CPU.Build.0 = Release|Any CPU
		{A4A662C4-03B6-4929-9975-156BAA95E4FE}.Release|Any CPU.ActiveCfg = Release|Any CPU
		{A4A662C4-03B6-4929-9975-156BAA95E4FE}.Release|Any CPU.Build.0 = Release|Any CPU
		{A4A662C4-03B6-4929-9975-156BAA95E4FE}.uat|Any CPU.ActiveCfg = Release|Any CPU
		{A4A662C4-03B6-4929-9975-156BAA95E4FE}.uat|Any CPU.Build.0 = Release|Any CPU
		{A5A4DCEB-88ED-4B5F-A06D-DBCBC828D45F}.Debug|Any CPU.ActiveCfg = Debug|Any CPU
		{A5A4DCEB-88ED-4B5F-A06D-DBCBC828D45F}.Debug|Any CPU.Build.0 = Debug|Any CPU
		{A5A4DCEB-88ED-4B5F-A06D-DBCBC828D45F}.dev|Any CPU.ActiveCfg = Debug|Any CPU
		{A5A4DCEB-88ED-4B5F-A06D-DBCBC828D45F}.dev|Any CPU.Build.0 = Debug|Any CPU
		{A5A4DCEB-88ED-4B5F-A06D-DBCBC828D45F}.prod|Any CPU.ActiveCfg = Release|Any CPU
		{A5A4DCEB-88ED-4B5F-A06D-DBCBC828D45F}.prod|Any CPU.Build.0 = Release|Any CPU
		{A5A4DCEB-88ED-4B5F-A06D-DBCBC828D45F}.qa|Any CPU.ActiveCfg = Release|Any CPU
		{A5A4DCEB-88ED-4B5F-A06D-DBCBC828D45F}.qa|Any CPU.Build.0 = Release|Any CPU
		{A5A4DCEB-88ED-4B5F-A06D-DBCBC828D45F}.Release|Any CPU.ActiveCfg = Release|Any CPU
		{A5A4DCEB-88ED-4B5F-A06D-DBCBC828D45F}.Release|Any CPU.Build.0 = Release|Any CPU
		{A5A4DCEB-88ED-4B5F-A06D-DBCBC828D45F}.uat|Any CPU.ActiveCfg = Release|Any CPU
		{A5A4DCEB-88ED-4B5F-A06D-DBCBC828D45F}.uat|Any CPU.Build.0 = Release|Any CPU
		{DA098052-8409-40B0-8B31-640B2400AAB8}.Debug|Any CPU.ActiveCfg = Debug|Any CPU
		{DA098052-8409-40B0-8B31-640B2400AAB8}.Debug|Any CPU.Build.0 = Debug|Any CPU
		{DA098052-8409-40B0-8B31-640B2400AAB8}.dev|Any CPU.ActiveCfg = Debug|Any CPU
		{DA098052-8409-40B0-8B31-640B2400AAB8}.dev|Any CPU.Build.0 = Debug|Any CPU
		{DA098052-8409-40B0-8B31-640B2400AAB8}.prod|Any CPU.ActiveCfg = Release|Any CPU
		{DA098052-8409-40B0-8B31-640B2400AAB8}.prod|Any CPU.Build.0 = Release|Any CPU
		{DA098052-8409-40B0-8B31-640B2400AAB8}.qa|Any CPU.ActiveCfg = Release|Any CPU
		{DA098052-8409-40B0-8B31-640B2400AAB8}.qa|Any CPU.Build.0 = Release|Any CPU
		{DA098052-8409-40B0-8B31-640B2400AAB8}.Release|Any CPU.ActiveCfg = Release|Any CPU
		{DA098052-8409-40B0-8B31-640B2400AAB8}.Release|Any CPU.Build.0 = Release|Any CPU
		{DA098052-8409-40B0-8B31-640B2400AAB8}.uat|Any CPU.ActiveCfg = Release|Any CPU
		{DA098052-8409-40B0-8B31-640B2400AAB8}.uat|Any CPU.Build.0 = Release|Any CPU
		{63DDE5EF-8C69-4897-90B6-504CBEE698FD}.Debug|Any CPU.ActiveCfg = Debug|Any CPU
		{63DDE5EF-8C69-4897-90B6-504CBEE698FD}.Debug|Any CPU.Build.0 = Debug|Any CPU
		{63DDE5EF-8C69-4897-90B6-504CBEE698FD}.dev|Any CPU.ActiveCfg = Debug|Any CPU
		{63DDE5EF-8C69-4897-90B6-504CBEE698FD}.dev|Any CPU.Build.0 = Debug|Any CPU
		{63DDE5EF-8C69-4897-90B6-504CBEE698FD}.prod|Any CPU.ActiveCfg = Release|Any CPU
		{63DDE5EF-8C69-4897-90B6-504CBEE698FD}.prod|Any CPU.Build.0 = Release|Any CPU
		{63DDE5EF-8C69-4897-90B6-504CBEE698FD}.qa|Any CPU.ActiveCfg = Release|Any CPU
		{63DDE5EF-8C69-4897-90B6-504CBEE698FD}.qa|Any CPU.Build.0 = Release|Any CPU
		{63DDE5EF-8C69-4897-90B6-504CBEE698FD}.Release|Any CPU.ActiveCfg = Release|Any CPU
		{63DDE5EF-8C69-4897-90B6-504CBEE698FD}.Release|Any CPU.Build.0 = Release|Any CPU
		{63DDE5EF-8C69-4897-90B6-504CBEE698FD}.uat|Any CPU.ActiveCfg = Release|Any CPU
		{63DDE5EF-8C69-4897-90B6-504CBEE698FD}.uat|Any CPU.Build.0 = Release|Any CPU
		{DE0C2450-72C6-DA76-5724-CA95592007B6}.Debug|Any CPU.ActiveCfg = Debug|Any CPU
		{DE0C2450-72C6-DA76-5724-CA95592007B6}.Debug|Any CPU.Build.0 = Debug|Any CPU
		{DE0C2450-72C6-DA76-5724-CA95592007B6}.dev|Any CPU.ActiveCfg = Debug|Any CPU
		{DE0C2450-72C6-DA76-5724-CA95592007B6}.dev|Any CPU.Build.0 = Debug|Any CPU
		{DE0C2450-72C6-DA76-5724-CA95592007B6}.prod|Any CPU.ActiveCfg = Release|Any CPU
		{DE0C2450-72C6-DA76-5724-CA95592007B6}.prod|Any CPU.Build.0 = Release|Any CPU
		{DE0C2450-72C6-DA76-5724-CA95592007B6}.qa|Any CPU.ActiveCfg = Release|Any CPU
		{DE0C2450-72C6-DA76-5724-CA95592007B6}.qa|Any CPU.Build.0 = Release|Any CPU
		{DE0C2450-72C6-DA76-5724-CA95592007B6}.Release|Any CPU.ActiveCfg = Release|Any CPU
		{DE0C2450-72C6-DA76-5724-CA95592007B6}.Release|Any CPU.Build.0 = Release|Any CPU
		{DE0C2450-72C6-DA76-5724-CA95592007B6}.uat|Any CPU.ActiveCfg = Release|Any CPU
		{DE0C2450-72C6-DA76-5724-CA95592007B6}.uat|Any CPU.Build.0 = Release|Any CPU
		{BA492296-6396-413B-900B-AA9904768EF1}.Debug|Any CPU.ActiveCfg = Debug|Any CPU
		{BA492296-6396-413B-900B-AA9904768EF1}.Debug|Any CPU.Build.0 = Debug|Any CPU
		{BA492296-6396-413B-900B-AA9904768EF1}.dev|Any CPU.ActiveCfg = Debug|Any CPU
		{BA492296-6396-413B-900B-AA9904768EF1}.dev|Any CPU.Build.0 = Debug|Any CPU
		{BA492296-6396-413B-900B-AA9904768EF1}.prod|Any CPU.ActiveCfg = Release|Any CPU
		{BA492296-6396-413B-900B-AA9904768EF1}.prod|Any CPU.Build.0 = Release|Any CPU
		{BA492296-6396-413B-900B-AA9904768EF1}.qa|Any CPU.ActiveCfg = Release|Any CPU
		{BA492296-6396-413B-900B-AA9904768EF1}.qa|Any CPU.Build.0 = Release|Any CPU
		{BA492296-6396-413B-900B-AA9904768EF1}.Release|Any CPU.ActiveCfg = Release|Any CPU
		{BA492296-6396-413B-900B-AA9904768EF1}.Release|Any CPU.Build.0 = Release|Any CPU
		{BA492296-6396-413B-900B-AA9904768EF1}.uat|Any CPU.ActiveCfg = Release|Any CPU
		{BA492296-6396-413B-900B-AA9904768EF1}.uat|Any CPU.Build.0 = Release|Any CPU
		{5D63E2B8-CC8D-403C-AD51-8359EBD3BE23}.Debug|Any CPU.ActiveCfg = Debug|Any CPU
		{5D63E2B8-CC8D-403C-AD51-8359EBD3BE23}.Debug|Any CPU.Build.0 = Debug|Any CPU
		{5D63E2B8-CC8D-403C-AD51-8359EBD3BE23}.dev|Any CPU.ActiveCfg = dev|Any CPU
		{5D63E2B8-CC8D-403C-AD51-8359EBD3BE23}.dev|Any CPU.Build.0 = dev|Any CPU
		{5D63E2B8-CC8D-403C-AD51-8359EBD3BE23}.prod|Any CPU.ActiveCfg = prod|Any CPU
		{5D63E2B8-CC8D-403C-AD51-8359EBD3BE23}.prod|Any CPU.Build.0 = prod|Any CPU
		{5D63E2B8-CC8D-403C-AD51-8359EBD3BE23}.qa|Any CPU.ActiveCfg = qa|Any CPU
		{5D63E2B8-CC8D-403C-AD51-8359EBD3BE23}.qa|Any CPU.Build.0 = qa|Any CPU
		{5D63E2B8-CC8D-403C-AD51-8359EBD3BE23}.Release|Any CPU.ActiveCfg = Release|Any CPU
		{5D63E2B8-CC8D-403C-AD51-8359EBD3BE23}.Release|Any CPU.Build.0 = Release|Any CPU
		{5D63E2B8-CC8D-403C-AD51-8359EBD3BE23}.uat|Any CPU.ActiveCfg = uat|Any CPU
		{5D63E2B8-CC8D-403C-AD51-8359EBD3BE23}.uat|Any CPU.Build.0 = uat|Any CPU
		{912C0879-725B-406F-82C7-E72B9CDB55B3}.Debug|Any CPU.ActiveCfg = Debug|Any CPU
		{912C0879-725B-406F-82C7-E72B9CDB55B3}.Debug|Any CPU.Build.0 = Debug|Any CPU
		{912C0879-725B-406F-82C7-E72B9CDB55B3}.dev|Any CPU.ActiveCfg = Debug|Any CPU
		{912C0879-725B-406F-82C7-E72B9CDB55B3}.dev|Any CPU.Build.0 = Debug|Any CPU
		{912C0879-725B-406F-82C7-E72B9CDB55B3}.prod|Any CPU.ActiveCfg = Release|Any CPU
		{912C0879-725B-406F-82C7-E72B9CDB55B3}.prod|Any CPU.Build.0 = Release|Any CPU
		{912C0879-725B-406F-82C7-E72B9CDB55B3}.qa|Any CPU.ActiveCfg = Release|Any CPU
		{912C0879-725B-406F-82C7-E72B9CDB55B3}.qa|Any CPU.Build.0 = Release|Any CPU
		{912C0879-725B-406F-82C7-E72B9CDB55B3}.Release|Any CPU.ActiveCfg = Release|Any CPU
		{912C0879-725B-406F-82C7-E72B9CDB55B3}.Release|Any CPU.Build.0 = Release|Any CPU
		{912C0879-725B-406F-82C7-E72B9CDB55B3}.uat|Any CPU.ActiveCfg = Release|Any CPU
		{912C0879-725B-406F-82C7-E72B9CDB55B3}.uat|Any CPU.Build.0 = Release|Any CPU
	EndGlobalSection
	GlobalSection(SolutionProperties) = preSolution
		HideSolutionNode = FALSE
	EndGlobalSection
	GlobalSection(NestedProjects) = preSolution
		{2DC9FCBB-0C1F-AC2E-975A-B92405EC7480} = {119F41AE-F3D0-4B24-8011-D826C975D55B}
		{A4A662C4-03B6-4929-9975-156BAA95E4FE} = {119F41AE-F3D0-4B24-8011-D826C975D55B}
		{A5A4DCEB-88ED-4B5F-A06D-DBCBC828D45F} = {33D9F688-7B4C-40F3-BE1D-1CEC412D3B05}
		{DA098052-8409-40B0-8B31-640B2400AAB8} = {33D9F688-7B4C-40F3-BE1D-1CEC412D3B05}
		{63DDE5EF-8C69-4897-90B6-504CBEE698FD} = {3E990D4E-A737-4113-86DE-466C694266F3}
		{DE0C2450-72C6-DA76-5724-CA95592007B6} = {0325296A-383F-41C5-A363-0122BCA1620B}
		{BA492296-6396-413B-900B-AA9904768EF1} = {491AC3C5-2A9C-43EA-B4CC-0F5E4472A225}
		{119F41AE-F3D0-4B24-8011-D826C975D55B} = {17DD5718-6E13-4F2C-9738-B410396D4552}
		{33D9F688-7B4C-40F3-BE1D-1CEC412D3B05} = {4FDA1DCD-D33E-447E-91C1-F4AE818E2CF0}
		{491AC3C5-2A9C-43EA-B4CC-0F5E4472A225} = {4FDA1DCD-D33E-447E-91C1-F4AE818E2CF0}
		{3E990D4E-A737-4113-86DE-466C694266F3} = {15D97D61-D597-42EC-B7E9-E9EC8130E630}
		{0325296A-383F-41C5-A363-0122BCA1620B} = {15D97D61-D597-42EC-B7E9-E9EC8130E630}
		{5D63E2B8-CC8D-403C-AD51-8359EBD3BE23} = {65B9D7F5-0A8E-4553-9A36-73C38B1CA176}
		{1CBA2A56-F53D-4D62-9E79-6F23BF0991A7} = {4FDA1DCD-D33E-447E-91C1-F4AE818E2CF0}
		{912C0879-725B-406F-82C7-E72B9CDB55B3} = {1CBA2A56-F53D-4D62-9E79-6F23BF0991A7}
	EndGlobalSection
	GlobalSection(ExtensibilityGlobals) = postSolution
		SolutionGuid = {311DA37D-528B-43B2-A99B-E7253F841D46}
	EndGlobalSection
EndGlobal
